Microsoft Visual Studio Solution File, Format Version 12.00
# Visual Studio Version 17
VisualStudioVersion = 17.0.31903.59
MinimumVisualStudioVersion = 10.0.40219.1
Project("{8BC9CEB8-8B4A-11D0-8D11-00A0C91BC942}") = "coolder", "coolder.vcxproj", "{00AD5349-AA8E-5E34-A098-ED9CE01E6E37}"
EndProject
Project("{8BC9CEB8-8B4A-11D0-8D11-00A0C91BC942}") = "webcool-sandbox-helper", "coolder-sandbox-helper.vcxproj", "{2CBD0E97-91D8-5CC3-A43C-4A11D4673272}"
EndProject
Project("{8BC9CEB8-8B4A-11D0-8D11-00A0C91BC942}") = "lib_acl", "..\third-party\acl\lib_acl\lib_acl_vc2022.vcxproj", "{B40213C2-507C-4C7F-A6E1-B850C9BDC27B}"
EndProject
Project("{8BC9CEB8-8B4A-11D0-8D11-00A0C91BC942}") = "lib_protocol", "..\third-party\acl\lib_protocol\lib_protocol_vc2022.vcxproj", "{FE724EF7-3763-4E78-BDF5-BCBC075719FD}"
EndProject
Project("{8BC9CEB8-8B4A-11D0-8D11-00A0C91BC942}") = "lib_acl_cpp", "..\third-party\acl\lib_acl_cpp\lib_acl_cpp_vc2022.vcxproj", "{6EC1F44E-6A6A-48E9-B699-D7E89B63C8DC}"
EndProject
Project("{8BC9CEB8-8B4A-11D0-8D11-00A0C91BC942}") = "libfiber", "..\third-party\acl\lib_fiber\c\libfiber_vc2022.vcxproj", "{AD99B75A-40BF-46DC-844B-23417FDC8690}"
EndProject
Project("{8BC9CEB8-8B4A-11D0-8D11-00A0C91BC942}") = "libfiber_cpp", "..\third-party\acl\lib_fiber\cpp\libfiber_cpp_vc2022.vcxproj", "{F2479E2C-7267-436C-A1F1-A63B39E7CB30}"
EndProject
Project("{8BC9CEB8-8B4A-11D0-8D11-00A0C91BC942}") = "zlib", "..\third-party\zlib-1.2.11\visualc\vc2022\zlib.vcxproj", "{EBE2BD9D-26AC-4476-A843-21FE77B66757}"
EndProject
Project("{8BC9CEB8-8B4A-11D0-8D11-00A0C91BC942}") = "libai", "..\libai\libai.vcxproj", "{95D55176-4806-4E55-AEAF-4A624014DA18}"
EndProject
Global
	GlobalSection(SolutionConfigurationPlatforms) = preSolution
		Debug|Win32 = Debug|Win32
		Debug|x64 = Debug|x64
		Debug|ARM64 = Debug|ARM64
		Debug|ARM64EC = Debug|ARM64EC
		Release|Win32 = Release|Win32
		Release|x64 = Release|x64
		Release|ARM64 = Release|ARM64
		Release|ARM64EC = Release|ARM64EC
	EndGlobalSection
	GlobalSection(ProjectConfigurationPlatforms) = postSolution
		{00AD5349-AA8E-5E34-A098-ED9CE01E6E37}.Debug|Win32.ActiveCfg = Debug|Win32
		{00AD5349-AA8E-5E34-A098-ED9CE01E6E37}.Debug|Win32.Build.0 = Debug|Win32
		{00AD5349-AA8E-5E34-A098-ED9CE01E6E37}.Debug|x64.ActiveCfg = Debug|x64
		{00AD5349-AA8E-5E34-A098-ED9CE01E6E37}.Debug|x64.Build.0 = Debug|x64
		{00AD5349-AA8E-5E34-A098-ED9CE01E6E37}.Debug|ARM64.ActiveCfg = Debug|ARM64
		{00AD5349-AA8E-5E34-A098-ED9CE01E6E37}.Debug|ARM64.Build.0 = Debug|ARM64
		{00AD5349-AA8E-5E34-A098-ED9CE01E6E37}.Debug|ARM64EC.ActiveCfg = Debug|ARM64EC
		{00AD5349-AA8E-5E34-A098-ED9CE01E6E37}.Debug|ARM64EC.Build.0 = Debug|ARM64EC
		{00AD5349-AA8E-5E34-A098-ED9CE01E6E37}.Release|Win32.ActiveCfg = Release|Win32
		{00AD5349-AA8E-5E34-A098-ED9CE01E6E37}.Release|Win32.Build.0 = Release|Win32
		{00AD5349-AA8E-5E34-A098-ED9CE01E6E37}.Release|x64.ActiveCfg = Release|x64
		{00AD5349-AA8E-5E34-A098-ED9CE01E6E37}.Release|x64.Build.0 = Release|x64
		{00AD5349-AA8E-5E34-A098-ED9CE01E6E37}.Release|ARM64.ActiveCfg = Release|ARM64
		{00AD5349-AA8E-5E34-A098-ED9CE01E6E37}.Release|ARM64.Build.0 = Release|ARM64
		{00AD5349-AA8E-5E34-A098-ED9CE01E6E37}.Release|ARM64EC.ActiveCfg = Release|ARM64EC
		{00AD5349-AA8E-5E34-A098-ED9CE01E6E37}.Release|ARM64EC.Build.0 = Release|ARM64EC
		{2CBD0E97-91D8-5CC3-A43C-4A11D4673272}.Debug|Win32.ActiveCfg = Debug|Win32
		{2CBD0E97-91D8-5CC3-A43C-4A11D4673272}.Debug|Win32.Build.0 = Debug|Win32
		{2CBD0E97-91D8-5CC3-A43C-4A11D4673272}.Debug|x64.ActiveCfg = Debug|x64
		{2CBD0E97-91D8-5CC3-A43C-4A11D4673272}.Debug|x64.Build.0 = Debug|x64
		{2CBD0E97-91D8-5CC3-A43C-4A11D4673272}.Debug|ARM64.ActiveCfg = Debug|ARM64
		{2CBD0E97-91D8-5CC3-A43C-4A11D4673272}.Debug|ARM64.Build.0 = Debug|ARM64
		{2CBD0E97-91D8-5CC3-A43C-4A11D4673272}.Debug|ARM64EC.ActiveCfg = Debug|ARM64EC
		{2CBD0E97-91D8-5CC3-A43C-4A11D4673272}.Debug|ARM64EC.Build.0 = Debug|ARM64EC
		{2CBD0E97-91D8-5CC3-A43C-4A11D4673272}.Release|Win32.ActiveCfg = Release|Win32
		{2CBD0E97-91D8-5CC3-A43C-4A11D4673272}.Release|Win32.Build.0 = Release|Win32
		{2CBD0E97-91D8-5CC3-A43C-4A11D4673272}.Release|x64.ActiveCfg = Release|x64
		{2CBD0E97-91D8-5CC3-A43C-4A11D4673272}.Release|x64.Build.0 = Release|x64
		{2CBD0E97-91D8-5CC3-A43C-4A11D4673272}.Release|ARM64.ActiveCfg = Release|ARM64
		{2CBD0E97-91D8-5CC3-A43C-4A11D4673272}.Release|ARM64.Build.0 = Release|ARM64
		{2CBD0E97-91D8-5CC3-A43C-4A11D4673272}.Release|ARM64EC.ActiveCfg = Release|ARM64EC
		{2CBD0E97-91D8-5CC3-A43C-4A11D4673272}.Release|ARM64EC.Build.0 = Release|ARM64EC
		{B40213C2-507C-4C7F-A6E1-B850C9BDC27B}.Debug|Win32.ActiveCfg = Debug|Win32
		{B40213C2-507C-4C7F-A6E1-B850C9BDC27B}.Debug|Win32.Build.0 = Debug|Win32
		{B40213C2-507C-4C7F-A6E1-B850C9BDC27B}.Debug|x64.ActiveCfg = Debug|x64
		{B40213C2-507C-4C7F-A6E1-B850C9BDC27B}.Debug|x64.Build.0 = Debug|x64
		{B40213C2-507C-4C7F-A6E1-B850C9BDC27B}.Debug|ARM64.ActiveCfg = Debug|ARM64
		{B40213C2-507C-4C7F-A6E1-B850C9BDC27B}.Debug|ARM64.Build.0 = Debug|ARM64
		{B40213C2-507C-4C7F-A6E1-B850C9BDC27B}.Debug|ARM64EC.ActiveCfg = Debug|ARM64EC
		{B40213C2-507C-4C7F-A6E1-B850C9BDC27B}.Debug|ARM64EC.Build.0 = Debug|ARM64EC
		{B40213C2-507C-4C7F-A6E1-B850C9BDC27B}.Release|Win32.ActiveCfg = Release|Win32
		{B40213C2-507C-4C7F-A6E1-B850C9BDC27B}.Release|Win32.Build.0 = Release|Win32
		{B40213C2-507C-4C7F-A6E1-B850C9BDC27B}.Release|x64.ActiveCfg = Release|x64
		{B40213C2-507C-4C7F-A6E1-B850C9BDC27B}.Release|x64.Build.0 = Release|x64
		{B40213C2-507C-4C7F-A6E1-B850C9BDC27B}.Release|ARM64.ActiveCfg = Release|ARM64
		{B40213C2-507C-4C7F-A6E1-B850C9BDC27B}.Release|ARM64.Build.0 = Release|ARM64
		{B40213C2-507C-4C7F-A6E1-B850C9BDC27B}.Release|ARM64EC.ActiveCfg = Release|ARM64EC
		{B40213C2-507C-4C7F-A6E1-B850C9BDC27B}.Release|ARM64EC.Build.0 = Release|ARM64EC
		{FE724EF7-3763-4E78-BDF5-BCBC075719FD}.Debug|Win32.ActiveCfg = Debug|Win32
		{FE724EF7-3763-4E78-BDF5-BCBC075719FD}.Debug|Win32.Build.0 = Debug|Win32
		{FE724EF7-3763-4E78-BDF5-BCBC075719FD}.Debug|x64.ActiveCfg = Debug|x64
		{FE724EF7-3763-4E78-BDF5-BCBC075719FD}.Debug|x64.Build.0 = Debug|x64
		{FE724EF7-3763-4E78-BDF5-BCBC075719FD}.Debug|ARM64.ActiveCfg = Debug|ARM64
		{FE724EF7-3763-4E78-BDF5-BCBC075719FD}.Debug|ARM64.Build.0 = Debug|ARM64
		{FE724EF7-3763-4E78-BDF5-BCBC075719FD}.Debug|ARM64EC.ActiveCfg = Debug|ARM64EC
		{FE724EF7-3763-4E78-BDF5-BCBC075719FD}.Debug|ARM64EC.Build.0 = Debug|ARM64EC
		{FE724EF7-3763-4E78-BDF5-BCBC075719FD}.Release|Win32.ActiveCfg = Release|Win32
		{FE724EF7-3763-4E78-BDF5-BCBC075719FD}.Release|Win32.Build.0 = Release|Win32
		{FE724EF7-3763-4E78-BDF5-BCBC075719FD}.Release|x64.ActiveCfg = Release|x64
		{FE724EF7-3763-4E78-BDF5-BCBC075719FD}.Release|x64.Build.0 = Release|x64
		{FE724EF7-3763-4E78-BDF5-BCBC075719FD}.Release|ARM64.ActiveCfg = Release|ARM64
		{FE724EF7-3763-4E78-BDF5-BCBC075719FD}.Release|ARM64.Build.0 = Release|ARM64
		{FE724EF7-3763-4E78-BDF5-BCBC075719FD}.Release|ARM64EC.ActiveCfg = Release|ARM64EC
		{FE724EF7-3763-4E78-BDF5-BCBC075719FD}.Release|ARM64EC.Build.0 = Release|ARM64EC
		{6EC1F44E-6A6A-48E9-B699-D7E89B63C8DC}.Debug|Win32.ActiveCfg = Debug|Win32
		{6EC1F44E-6A6A-48E9-B699-D7E89B63C8DC}.Debug|Win32.Build.0 = Debug|Win32
		{6EC1F44E-6A6A-48E9-B699-D7E89B63C8DC}.Debug|x64.ActiveCfg = Debug|x64
		{6EC1F44E-6A6A-48E9-B699-D7E89B63C8DC}.Debug|x64.Build.0 = Debug|x64
		{6EC1F44E-6A6A-48E9-B699-D7E89B63C8DC}.Debug|ARM64.ActiveCfg = Debug|ARM64
		{6EC1F44E-6A6A-48E9-B699-D7E89B63C8DC}.Debug|ARM64.Build.0 = Debug|ARM64
		{6EC1F44E-6A6A-48E9-B699-D7E89B63C8DC}.Debug|ARM64EC.ActiveCfg = Debug|ARM64EC
		{6EC1F44E-6A6A-48E9-B699-D7E89B63C8DC}.Debug|ARM64EC.Build.0 = Debug|ARM64EC
		{6EC1F44E-6A6A-48E9-B699-D7E89B63C8DC}.Release|Win32.ActiveCfg = Release|Win32
		{6EC1F44E-6A6A-48E9-B699-D7E89B63C8DC}.Release|Win32.Build.0 = Release|Win32
		{6EC1F44E-6A6A-48E9-B699-D7E89B63C8DC}.Release|x64.ActiveCfg = Release|x64
		{6EC1F44E-6A6A-48E9-B699-D7E89B63C8DC}.Release|x64.Build.0 = Release|x64
		{6EC1F44E-6A6A-48E9-B699-D7E89B63C8DC}.Release|ARM64.ActiveCfg = Release|ARM64
		{6EC1F44E-6A6A-48E9-B699-D7E89B63C8DC}.Release|ARM64.Build.0 = Release|ARM64
		{6EC1F44E-6A6A-48E9-B699-D7E89B63C8DC}.Release|ARM64EC.ActiveCfg = Release|ARM64EC
		{6EC1F44E-6A6A-48E9-B699-D7E89B63C8DC}.Release|ARM64EC.Build.0 = Release|ARM64EC
		{AD99B75A-40BF-46DC-844B-23417FDC8690}.Debug|Win32.ActiveCfg = Debug|Win32
		{AD99B75A-40BF-46DC-844B-23417FDC8690}.Debug|Win32.Build.0 = Debug|Win32
		{AD99B75A-40BF-46DC-844B-23417FDC8690}.Debug|x64.ActiveCfg = Debug|x64
		{AD99B75A-40BF-46DC-844B-23417FDC8690}.Debug|x64.Build.0 = Debug|x64
		{AD99B75A-40BF-46DC-844B-23417FDC8690}.Debug|ARM64.ActiveCfg = Debug|ARM64
		{AD99B75A-40BF-46DC-844B-23417FDC8690}.Debug|ARM64.Build.0 = Debug|ARM64
		{AD99B75A-40BF-46DC-844B-23417FDC8690}.Debug|ARM64EC.ActiveCfg = Debug|ARM64EC
		{AD99B75A-40BF-46DC-844B-23417FDC8690}.Debug|ARM64EC.Build.0 = Debug|ARM64EC
		{AD99B75A-40BF-46DC-844B-23417FDC8690}.Release|Win32.ActiveCfg = Release|Win32
		{AD99B75A-40BF-46DC-844B-23417FDC8690}.Release|Win32.Build.0 = Release|Win32
		{AD99B75A-40BF-46DC-844B-23417FDC8690}.Release|x64.ActiveCfg = Release|x64
		{AD99B75A-40BF-46DC-844B-23417FDC8690}.Release|x64.Build.0 = Release|x64
		{AD99B75A-40BF-46DC-844B-23417FDC8690}.Release|ARM64.ActiveCfg = Release|ARM64
		{AD99B75A-40BF-46DC-844B-23417FDC8690}.Release|ARM64.Build.0 = Release|ARM64
		{AD99B75A-40BF-46DC-844B-23417FDC8690}.Release|ARM64EC.ActiveCfg = Release|ARM64EC
		{AD99B75A-40BF-46DC-844B-23417FDC8690}.Release|ARM64EC.Build.0 = Release|ARM64EC
		{F2479E2C-7267-436C-A1F1-A63B39E7CB30}.Debug|Win32.ActiveCfg = Debug|Win32
		{F2479E2C-7267-436C-A1F1-A63B39E7CB30}.Debug|Win32.Build.0 = Debug|Win32
		{F2479E2C-7267-436C-A1F1-A63B39E7CB30}.Debug|x64.ActiveCfg = Debug|x64
		{F2479E2C-7267-436C-A1F1-A63B39E7CB30}.Debug|x64.Build.0 = Debug|x64
		{F2479E2C-7267-436C-A1F1-A63B39E7CB30}.Debug|ARM64.ActiveCfg = Debug|ARM64
		{F2479E2C-7267-436C-A1F1-A63B39E7CB30}.Debug|ARM64.Build.0 = Debug|ARM64
		{F2479E2C-7267-436C-A1F1-A63B39E7CB30}.Debug|ARM64EC.ActiveCfg = Debug|ARM64EC
		{F2479E2C-7267-436C-A1F1-A63B39E7CB30}.Debug|ARM64EC.Build.0 = Debug|ARM64EC
		{F2479E2C-7267-436C-A1F1-A63B39E7CB30}.Release|Win32.ActiveCfg = Release|Win32
		{F2479E2C-7267-436C-A1F1-A63B39E7CB30}.Release|Win32.Build.0 = Release|Win32
		{F2479E2C-7267-436C-A1F1-A63B39E7CB30}.Release|x64.ActiveCfg = Release|x64
		{F2479E2C-7267-436C-A1F1-A63B39E7CB30}.Release|x64.Build.0 = Release|x64
		{F2479E2C-7267-436C-A1F1-A63B39E7CB30}.Release|ARM64.ActiveCfg = Release|ARM64
		{F2479E2C-7267-436C-A1F1-A63B39E7CB30}.Release|ARM64.Build.0 = Release|ARM64
		{F2479E2C-7267-436C-A1F1-A63B39E7CB30}.Release|ARM64EC.ActiveCfg = Release|ARM64EC
		{F2479E2C-7267-436C-A1F1-A63B39E7CB30}.Release|ARM64EC.Build.0 = Release|ARM64EC
		{EBE2BD9D-26AC-4476-A843-21FE77B66757}.Debug|Win32.ActiveCfg = Debug|Win32
		{EBE2BD9D-26AC-4476-A843-21FE77B66757}.Debug|Win32.Build.0 = Debug|Win32
		{EBE2BD9D-26AC-4476-A843-21FE77B66757}.Debug|x64.ActiveCfg = Debug|x64
		{EBE2BD9D-26AC-4476-A843-21FE77B66757}.Debug|x64.Build.0 = Debug|x64
		{EBE2BD9D-26AC-4476-A843-21FE77B66757}.Debug|ARM64.ActiveCfg = Debug|ARM64
		{EBE2BD9D-26AC-4476-A843-21FE77B66757}.Debug|ARM64.Build.0 = Debug|ARM64
		{EBE2BD9D-26AC-4476-A843-21FE77B66757}.Debug|ARM64EC.ActiveCfg = Debug|ARM64EC
		{EBE2BD9D-26AC-4476-A843-21FE77B66757}.Debug|ARM64EC.Build.0 = Debug|ARM64EC
		{EBE2BD9D-26AC-4476-A843-21FE77B66757}.Release|Win32.ActiveCfg = Release|Win32
		{EBE2BD9D-26AC-4476-A843-21FE77B66757}.Release|Win32.Build.0 = Release|Win32
		{EBE2BD9D-26AC-4476-A843-21FE77B66757}.Release|x64.ActiveCfg = Release|x64
		{EBE2BD9D-26AC-4476-A843-21FE77B66757}.Release|x64.Build.0 = Release|x64
		{EBE2BD9D-26AC-4476-A843-21FE77B66757}.Release|ARM64.ActiveCfg = Release|ARM64
		{EBE2BD9D-26AC-4476-A843-21FE77B66757}.Release|ARM64.Build.0 = Release|ARM64
		{EBE2BD9D-26AC-4476-A843-21FE77B66757}.Release|ARM64EC.ActiveCfg = Release|ARM64EC
		{EBE2BD9D-26AC-4476-A843-21FE77B66757}.Release|ARM64EC.Build.0 = Release|ARM64EC
		{95D55176-4806-4E55-AEAF-4A624014DA18}.Debug|Win32.ActiveCfg = Debug|Win32
		{95D55176-4806-4E55-AEAF-4A624014DA18}.Debug|Win32.Build.0 = Debug|Win32
		{95D55176-4806-4E55-AEAF-4A624014DA18}.Debug|x64.ActiveCfg = Debug|x64
		{95D55176-4806-4E55-AEAF-4A624014DA18}.Debug|x64.Build.0 = Debug|x64
		{95D55176-4806-4E55-AEAF-4A624014DA18}.Debug|ARM64.ActiveCfg = Debug|ARM64
		{95D55176-4806-4E55-AEAF-4A624014DA18}.Debug|ARM64.Build.0 = Debug|ARM64
		{95D55176-4806-4E55-AEAF-4A624014DA18}.Debug|ARM64EC.ActiveCfg = Debug|ARM64EC
		{95D55176-4806-4E55-AEAF-4A624014DA18}.Debug|ARM64EC.Build.0 = Debug|ARM64EC
		{95D55176-4806-4E55-AEAF-4A624014DA18}.Release|Win32.ActiveCfg = Release|Win32
		{95D55176-4806-4E55-AEAF-4A624014DA18}.Release|Win32.Build.0 = Release|Win32
		{95D55176-4806-4E55-AEAF-4A624014DA18}.Release|x64.ActiveCfg = Release|x64
		{95D55176-4806-4E55-AEAF-4A624014DA18}.Release|x64.Build.0 = Release|x64
		{95D55176-4806-4E55-AEAF-4A624014DA18}.Release|ARM64.ActiveCfg = Release|ARM64
		{95D55176-4806-4E55-AEAF-4A624014DA18}.Release|ARM64.Build.0 = Release|ARM64
		{95D55176-4806-4E55-AEAF-4A624014DA18}.Release|ARM64EC.ActiveCfg = Release|ARM64EC
		{95D55176-4806-4E55-AEAF-4A624014DA18}.Release|ARM64EC.Build.0 = Release|ARM64EC
	EndGlobalSection
	GlobalSection(SolutionProperties) = preSolution
		HideSolutionNode = FALSE
	EndGlobalSection
EndGlobal
